<?xml version="1.0" encoding="utf-8"?>
<Project ToolsVersion="4.0" xmlns="http://schemas.microsoft.com/developer/msbuild/2003">
  <ItemGroup>
    <Filter Include="Quelldateien">
      <UniqueIdentifier>{4FC737F1-C7A5-4376-A066-2A32D752A2FF}</UniqueIdentifier>
      <Extensions>cpp;c;cc;cxx;c++;cppm;ixx;def;odl;idl;hpj;bat;asm;asmx</Extensions>
    </Filter>
    <Filter Include="Headerdateien">
      <UniqueIdentifier>{93995380-89BD-4b04-88EB-625FBE52EBFB}</UniqueIdentifier>
      <Extensions>h;hh;hpp;hxx;h++;hm;inl;inc;ipp;xsd</Extensions>
    </Filter>
    <Filter Include="Ressourcendateien">
      <UniqueIdentifier>{67DA6AB6-F800-4c08-8B7A-83BB121AAD01}</UniqueIdentifier>
      <Extensions>rc;ico;cur;bmp;dlg;rc2;rct;bin;rgs;gif;jpg;jpeg;jpe;resx;tiff;tif;png;wav;mfcribbon-ms</Extensions>
    </Filter>
    <Filter Include="Headerdateien\Math">
      <UniqueIdentifier>{6b654cf1-a8df-4d45-bd93-3859f00f3b85}</UniqueIdentifier>
    </Filter>
    <Filter Include="Quelldateien\Math">
      <UniqueIdentifier>{5e149192-f8f2-4b70-8eba-d5ace13b6d64}</UniqueIdentifier>
    </Filter>
    <Filter Include="Quelldateien\window">
      <UniqueIdentifier>{6782b8ca-7c1a-4b85-b347-4bc247a1f788}</UniqueIdentifier>
    </Filter>
  </ItemGroup>
  <ItemGroup>
    <ClCompile Include="src\Baum.cpp">
      <Filter>Quelldateien</Filter>
    </ClCompile>
    <ClCompile Include="src\Brush.cpp">
      <Filter>Quelldateien</Filter>
    </ClCompile>
    <ClCompile Include="src\Camera.cpp">
      <Filter>Quelldateien</Filter>
    </ClCompile>
    <ClCompile Include="src\config.cpp">
      <Filter>Quelldateien</Filter>
    </ClCompile>
    <ClCompile Include="src\data.cpp">
      <Filter>Quelldateien</Filter>
    </ClCompile>
    <ClCompile Include="src\draw.cpp">
      <Filter>Quelldateien</Filter>
    </ClCompile>
    <ClCompile Include="src\lightmap.cpp">
      <Filter>Quelldateien</Filter>
    </ClCompile>
    <ClCompile Include="src\SpeedUp.cpp">
      <Filter>Quelldateien</Filter>
    </ClCompile>
    <ClCompile Include="src\Tree.cpp">
      <Filter>Quelldateien</Filter>
    </ClCompile>
    <ClCompile Include="src\WallCollision.cpp">
      <Filter>Quelldateien</Filter>
    </ClCompile>
    <ClCompile Include="Sound.cpp">
      <Filter>Quelldateien</Filter>
    </ClCompile>
    <ClCompile Include="src\frustum.cpp">
      <Filter>Quelldateien\Math</Filter>
    </ClCompile>
    <ClCompile Include="src\bounding_box.cpp">
      <Filter>Quelldateien\Math</Filter>
    </ClCompile>
    <ClCompile Include="src\coordinate_system.cpp">
      <Filter>Quelldateien\Math</Filter>
    </ClCompile>
    <ClCompile Include="src\plane.cpp">
      <Filter>Quelldateien\Math</Filter>
    </ClCompile>
    <ClCompile Include="src\bounding_volume.cpp">
      <Filter>Quelldateien\Math</Filter>
    </ClCompile>
    <ClCompile Include="vector.cpp">
      <Filter>Quelldateien\Math</Filter>
    </ClCompile>
    <ClCompile Include="src\main.cpp">
      <Filter>Quelldateien\window</Filter>
    </ClCompile>
    <ClCompile Include="window.cpp">
      <Filter>Quelldateien\window</Filter>
    </ClCompile>
  </ItemGroup>
  <ItemGroup>
    <ClInclude Include="src\Brush.hpp">
      <Filter>Headerdateien</Filter>
    </ClInclude>
    <ClInclude Include="src\BSP.hpp">
      <Filter>Headerdateien</Filter>
    </ClInclude>
    <ClInclude Include="src\Config.hpp">
      <Filter>Headerdateien</Filter>
    </ClInclude>
    <ClInclude Include="src\header.h">
      <Filter>Headerdateien</Filter>
    </ClInclude>
    <ClInclude Include="src\ID_MD2.hpp">
      <Filter>Headerdateien</Filter>
    </ClInclude>
    <ClInclude Include="src\key.hpp">
      <Filter>Headerdateien</Filter>
    </ClInclude>
    <ClInclude Include="src\MD2.hpp">
      <Filter>Headerdateien</Filter>
    </ClInclude>
    <ClInclude Include="src\Skybox.hpp">
      <Filter>Headerdateien</Filter>
    </ClInclude>
    <ClInclude Include="src\SpeedUp.hpp">
      <Filter>Headerdateien</Filter>
    </ClInclude>
    <ClInclude Include="src\vector.hpp">
      <Filter>Headerdateien\Math</Filter>
    </ClInclude>
    <ClInclude Include="src\bounding_box.hpp">
      <Filter>Headerdateien\Math</Filter>
    </ClInclude>
    <ClInclude Include="src\plane.hpp">
      <Filter>Headerdateien\Math</Filter>
    </ClInclude>
    <ClInclude Include="src\line.hpp">
      <Filter>Headerdateien\Math</Filter>
    </ClInclude>
    <ClInclude Include="src\frustum.hpp">
      <Filter>Headerdateien\Math</Filter>
    </ClInclude>
    <ClInclude Include="src\coordinate_system.hpp">
      <Filter>Headerdateien\Math</Filter>
    </ClInclude>
    <ClInclude Include="src\math.hpp">
      <Filter>Headerdateien\Math</Filter>
    </ClInclude>
    <ClInclude Include="src\camera.hpp">
      <Filter>Headerdateien</Filter>
    </ClInclude>
    <ClInclude Include="src\Sound.hpp">
      <Filter>Headerdateien</Filter>
    </ClInclude>
  </ItemGroup>
  <ItemGroup>
    <Text Include="deps\README-win32.txt" />
  </ItemGroup>
  <ItemGroup>
    <None Include="deps\glut32.dll" />
  </ItemGroup>
  <ItemGroup>
    <Library Include="deps\glut32.lib" />
  </ItemGroup>
</Project>